// !$*UTF8*$!
{
	archiveVersion = 1;
	classes = {
	};
	objectVersion = 55;
	objects = {

/* Begin PBXBuildFile section */
		800AE8122700E78200DB0446 /* AppDelegate.swift in Sources */ = {isa = PBXBuildFile; fileRef = 800AE8112700E78200DB0446 /* AppDelegate.swift */; };
		800AE8142700E78200DB0446 /* SceneDelegate.swift in Sources */ = {isa = PBXBuildFile; fileRef = 800AE8132700E78200DB0446 /* SceneDelegate.swift */; };
		800AE8162700E78200DB0446 /* MoviesViewController.swift in Sources */ = {isa = PBXBuildFile; fileRef = 800AE8152700E78200DB0446 /* MoviesViewController.swift */; };
		800AE8192700E78200DB0446 /* Main.storyboard in Resources */ = {isa = PBXBuildFile; fileRef = 800AE8172700E78200DB0446 /* Main.storyboard */; };
		800AE81B2700E78700DB0446 /* Assets.xcassets in Resources */ = {isa = PBXBuildFile; fileRef = 800AE81A2700E78700DB0446 /* Assets.xcassets */; };
		800AE81E2700E78700DB0446 /* LaunchScreen.storyboard in Resources */ = {isa = PBXBuildFile; fileRef = 800AE81C2700E78700DB0446 /* LaunchScreen.storyboard */; };
		800AE8262700F29C00DB0446 /* MovieTableCell.swift in Sources */ = {isa = PBXBuildFile; fileRef = 800AE8252700F29C00DB0446 /* MovieTableCell.swift */; };
		800AE8292700F85800DB0446 /* AlamofireImage in Frameworks */ = {isa = PBXBuildFile; productRef = 800AE8282700F85800DB0446 /* AlamofireImage */; };
		8018146A2708953900A58D90 /* MovieDetailsViewController.swift in Sources */ = {isa = PBXBuildFile; fileRef = 801814692708953900A58D90 /* MovieDetailsViewController.swift */; };
		8018146C2708A0FE00A58D90 /* MovieGridViewController.swift in Sources */ = {isa = PBXBuildFile; fileRef = 8018146B2708A0FE00A58D90 /* MovieGridViewController.swift */; };
		8018146E2708A1F700A58D90 /* MovieGridCollectionViewCell.swift in Sources */ = {isa = PBXBuildFile; fileRef = 8018146D2708A1F700A58D90 /* MovieGridCollectionViewCell.swift */; };
/* End PBXBuildFile section */

/* Begin PBXFileReference section */
		800AE80E2700E78200DB0446 /* assignment-1-flix.app */ = {isa = PBXFileReference; explicitFileType = wrapper.application; includeInIndex = 0; path = "assignment-1-flix.app"; sourceTree = BUILT_PRODUCTS_DIR; };
		800AE8112700E78200DB0446 /* AppDelegate.swift */ = {isa = PBXFileReference; lastKnownFileType = sourcecode.swift; path = AppDelegate.swift; sourceTree = "<group>"; };
		800AE8132700E78200DB0446 /* SceneDelegate.swift */ = {isa = PBXFileReference; lastKnownFileType = sourcecode.swift; path = SceneDelegate.swift; sourceTree = "<group>"; };
		800AE8152700E78200DB0446 /* MoviesViewController.swift */ = {isa = PBXFileReference; lastKnownFileType = sourcecode.swift; path = MoviesViewController.swift; sourceTree = "<group>"; };
		800AE8182700E78200DB0446 /* Base */ = {isa = PBXFileReference; lastKnownFileType = file.storyboard; name = Base; path = Base.lproj/Main.storyboard; sourceTree = "<group>"; };
		800AE81A2700E78700DB0446 /* Assets.xcassets */ = {isa = PBXFileReference; lastKnownFileType = folder.assetcatalog; path = Assets.xcassets; sourceTree = "<group>"; };
		800AE81D2700E78700DB0446 /* Base */ = {isa = PBXFileReference; lastKnownFileType = file.storyboard; name = Base; path = Base.lproj/LaunchScreen.storyboard; sourceTree = "<group>"; };
		800AE81F2700E78700DB0446 /* Info.plist */ = {isa = PBXFileReference; lastKnownFileType = text.plist.xml; path = Info.plist; sourceTree = "<group>"; };
		800AE8252700F29C00DB0446 /* MovieTableCell.swift */ = {isa = PBXFileReference; lastKnownFileType = sourcecode.swift; path = MovieTableCell.swift; sourceTree = "<group>"; };
		801814692708953900A58D90 /* MovieDetailsViewController.swift */ = {isa = PBXFileReference; lastKnownFileType = sourcecode.swift; path = MovieDetailsViewController.swift; sourceTree = "<group>"; };
		8018146B2708A0FE00A58D90 /* MovieGridViewController.swift */ = {isa = PBXFileReference; lastKnownFileType = sourcecode.swift; path = MovieGridViewController.swift; sourceTree = "<group>"; };
		8018146D2708A1F700A58D90 /* MovieGridCollectionViewCell.swift */ = {isa = PBXFileReference; lastKnownFileType = sourcecode.swift; path = MovieGridCollectionViewCell.swift; sourceTree = "<group>"; };
/* End PBXFileReference section */

/* Begin PBXFrameworksBuildPhase section */
		800AE80B2700E78200DB0446 /* Frameworks */ = {
			isa = PBXFrameworksBuildPhase;
			buildActionMask = 2147483647;
			files = (
				800AE8292700F85800DB0446 /* AlamofireImage in Frameworks */,
			);
			runOnlyForDeploymentPostprocessing = 0;
		};
/* End PBXFrameworksBuildPhase section */

/* Begin PBXGroup section */
		800AE8052700E78200DB0446 = {
			isa = PBXGroup;
			children = (
				800AE8102700E78200DB0446 /* assignment-1-flix */,
				800AE80F2700E78200DB0446 /* Products */,
			);
			sourceTree = "<group>";
		};
		800AE80F2700E78200DB0446 /* Products */ = {
			isa = PBXGroup;
			children = (
				800AE80E2700E78200DB0446 /* assignment-1-flix.app */,
			);
			name = Products;
			sourceTree = "<group>";
		};
		800AE8102700E78200DB0446 /* assignment-1-flix */ = {
			isa = PBXGroup;
			children = (
				800AE8112700E78200DB0446 /* AppDelegate.swift */,
				800AE8132700E78200DB0446 /* SceneDelegate.swift */,
				800AE8152700E78200DB0446 /* MoviesViewController.swift */,
				800AE8172700E78200DB0446 /* Main.storyboard */,
				800AE81A2700E78700DB0446 /* Assets.xcassets */,
				800AE81C2700E78700DB0446 /* LaunchScreen.storyboard */,
				800AE81F2700E78700DB0446 /* Info.plist */,
				800AE8252700F29C00DB0446 /* MovieTableCell.swift */,
				801814692708953900A58D90 /* MovieDetailsViewController.swift */,
				8018146B2708A0FE00A58D90 /* MovieGridViewController.swift */,
				8018146D2708A1F700A58D90 /* MovieGridCollectionViewCell.swift */,
			);
			path = "assignment-1-flix";
			sourceTree = "<group>";
		};
/* End PBXGroup section */

/* Begin PBXNativeTarget section */
		800AE80D2700E78200DB0446 /* assignment-1-flix */ = {
			isa = PBXNativeTarget;
			buildConfigurationList = 800AE8222700E78700DB0446 /* Build configuration list for PBXNativeTarget "assignment-1-flix" */;
			buildPhases = (
				800AE80A2700E78200DB0446 /* Sources */,
				800AE80B2700E78200DB0446 /* Frameworks */,
				800AE80C2700E78200DB0446 /* Resources */,
			);
			buildRules = (
			);
			dependencies = (
			);
			name = "assignment-1-flix";
			packageProductDependencies = (
				800AE8282700F85800DB0446 /* AlamofireImage */,
			);
			productName = "assignment-1-flix";
			productReference = 800AE80E2700E78200DB0446 /* assignment-1-flix.app */;
			productType = "com.apple.product-type.application";
		};
/* End PBXNativeTarget section */

/* Begin PBXProject section */
		800AE8062700E78200DB0446 /* Project object */ = {
			isa = PBXProject;
			attributes = {
				BuildIndependentTargetsInParallel = 1;
				LastSwiftUpdateCheck = 1300;
				LastUpgradeCheck = 1300;
				TargetAttributes = {
					800AE80D2700E78200DB0446 = {
						CreatedOnToolsVersion = 13.0;
					};
				};
			};
			buildConfigurationList = 800AE8092700E78200DB0446 /* Build configuration list for PBXProject "assignment-1-flix" */;
			compatibilityVersion = "Xcode 13.0";
			developmentRegion = en;
			hasScannedForEncodings = 0;
			knownRegions = (
				en,
				Base,
			);
			mainGroup = 800AE8052700E78200DB0446;
			packageReferences = (
				800AE8272700F85800DB0446 /* XCRemoteSwiftPackageReference "AlamofireImage" */,
			);
			productRefGroup = 800AE80F2700E78200DB0446 /* Products */;
			projectDirPath = "";
			projectRoot = "";
			targets = (
				800AE80D2700E78200DB0446 /* assignment-1-flix */,
			);
		};
/* End PBXProject section */

/* Begin PBXResourcesBuildPhase section */
		800AE80C2700E78200DB0446 /* Resources */ = {
			isa = PBXResourcesBuildPhase;
			buildActionMask = 2147483647;
			files = (
				800AE81E2700E78700DB0446 /* LaunchScreen.storyboard in Resources */,
				800AE81B2700E78700DB0446 /* Assets.xcassets in Resources */,
				800AE8192700E78200DB0446 /* Main.storyboard in Resources */,
			);
			runOnlyForDeploymentPostprocessing = 0;
		};
/* End PBXResourcesBuildPhase section */

/* Begin PBXSourcesBuildPhase section */
		800AE80A2700E78200DB0446 /* Sources */ = {
			isa = PBXSourcesBuildPhase;
			buildActionMask = 2147483647;
			files = (
				8018146E2708A1F700A58D90 /* MovieGridCollectionViewCell.swift in Sources */,
				8018146A2708953900A58D90 /* MovieDetailsViewController.swift in Sources */,
				800AE8162700E78200DB0446 /* MoviesViewController.swift in Sources */,
				800AE8262700F29C00DB0446 /* MovieTableCell.swift in Sources */,
				800AE8122700E78200DB0446 /* AppDelegate.swift in Sources */,
				800AE8142700E78200DB0446 /* SceneDelegate.swift in Sources */,
				8018146C2708A0FE00A58D90 /* MovieGridViewController.swift in Sources */,
			);
			runOnlyForDeploymentPostprocessing = 0;
		};
/* End PBXSourcesBuildPhase section */

/* Begin PBXVariantGroup section */
		800AE8172700E78200DB0446 /* Main.storyboard */ = {
			isa = PBXVariantGroup;
			children = (
				800AE8182700E78200DB0446 /* Base */,
			);
			name = Main.storyboard;
			sourceTree = "<group>";
		};
		800AE81C2700E78700DB0446 /* LaunchScreen.storyboard */ = {
			isa = PBXVariantGroup;
			children = (
				800AE81D2700E78700DB0446 /* Base */,
			);
			name = LaunchScreen.storyboard;
			sourceTree = "<group>";
		};
/* End PBXVariantGroup section */

/* Begin XCBuildConfiguration section */
		800AE8202700E78700DB0446 /* Debug */ = {
			isa = XCBuildConfiguration;
			buildSettings = {
				ALWAYS_SEARCH_USER_PATHS = NO;
				CLANG_ANALYZER_NONNULL = YES;
				CLANG_ANALYZER_NUMBER_OBJECT_CONVERSION = YES_AGGRESSIVE;
				CLANG_CXX_LANGUAGE_STANDARD = "gnu++17";
				CLANG_CXX_LIBRARY = "libc++";
				CLANG_ENABLE_MODULES = YES;
				CLANG_ENABLE_OBJC_ARC = YES;
				CLANG_ENABLE_OBJC_WEAK = YES;
				CLANG_WARN_BLOCK_CAPTURE_AUTORELEASING = YES;
				CLANG_WARN_BOOL_CONVERSION = YES;
				CLANG_WARN_COMMA = YES;
				CLANG_WARN_CONSTANT_CONVERSION = YES;
				CLANG_WARN_DEPRECATED_OBJC_IMPLEMENTATIONS = YES;
				CLANG_WARN_DIRECT_OBJC_ISA_USAGE = YES_ERROR;
				CLANG_WARN_DOCUMENTATION_COMMENTS = YES;
				CLANG_WARN_EMPTY_BODY = YES;
				CLANG_WARN_ENUM_CONVERSION = YES;
				CLANG_WARN_INFINITE_RECURSION = YES;
				CLANG_WARN_INT_CONVERSION = YES;
				CLANG_WARN_NON_LITERAL_NULL_CONVERSION = YES;
				CLANG_WARN_OBJC_IMPLICIT_RETAIN_SELF = YES;
				CLANG_WARN_OBJC_LITERAL_CONVERSION = YES;
				CLANG_WARN_OBJC_ROOT_CLASS = YES_ERROR;
				CLANG_WARN_QUOTED_INCLUDE_IN_FRAMEWORK_HEADER = YES;
				CLANG_WARN_RANGE_LOOP_ANALYSIS = YES;
				CLANG_WARN_STRICT_PROTOTYPES = YES;
				CLANG_WARN_SUSPICIOUS_MOVE = YES;
				CLANG_WARN_UNGUARDED_AVAILABILITY = YES_AGGRESSIVE;
				CLANG_WARN_UNREACHABLE_CODE = YES;
				CLANG_WARN__DUPLICATE_METHOD_MATCH = YES;
				COPY_PHASE_STRIP = NO;
				DEBUG_INFORMATION_FORMAT = dwarf;
				ENABLE_STRICT_OBJC_MSGSEND = YES;
				ENABLE_TESTABILITY = YES;
				GCC_C_LANGUAGE_STANDARD = gnu11;
				GCC_DYNAMIC_NO_PIC = NO;
				GCC_NO_COMMON_BLOCKS = YES;
				GCC_OPTIMIZATION_LEVEL = 0;
				GCC_PREPROCESSOR_DEFINITIONS = (
					"DEBUG=1",
					"$(inherited)",
				);
				GCC_WARN_64_TO_32_BIT_CONVERSION = YES;
				GCC_WARN_ABOUT_RETURN_TYPE = YES_ERROR;
				GCC_WARN_UNDECLARED_SELECTOR = YES;
				GCC_WARN_UNINITIALIZED_AUTOS = YES_AGGRESSIVE;
				GCC_WARN_UNUSED_FUNCTION = YES;
				GCC_WARN_UNUSED_VARIABLE = YES;
				IPHONEOS_DEPLOYMENT_TARGET = 15.0;
				MTL_ENABLE_DEBUG_INFO = INCLUDE_SOURCE;
				MTL_FAST_MATH = YES;
				ONLY_ACTIVE_ARCH = YES;
				SDKROOT = iphoneos;
				SWIFT_ACTIVE_COMPILATION_CONDITIONS = DEBUG;
				SWIFT_OPTIMIZATION_LEVEL = "-Onone";
			};
			name = Debug;
		};
		800AE8212700E78700DB0446 /* Release */ = {
			isa = XCBuildConfiguration;
			buildSettings = {
				ALWAYS_SEARCH_USER_PATHS = NO;
				CLANG_ANALYZER_NONNULL = YES;
				CLANG_ANALYZER_NUMBER_OBJECT_CONVERSION = YES_AGGRESSIVE;
				CLANG_CXX_LANGUAGE_STANDARD = "gnu++17";
				CLANG_CXX_LIBRARY = "libc++";
				CLANG_ENABLE_MODULES = YES;
				CLANG_ENABLE_OBJC_ARC = YES;
				CLANG_ENABLE_OBJC_WEAK = YES;
				CLANG_WARN_BLOCK_CAPTURE_AUTORELEASING = YES;
				CLANG_WARN_BOOL_CONVERSION = YES;
				CLANG_WARN_COMMA = YES;
				CLANG_WARN_CONSTANT_CONVERSION = YES;
				CLANG_WARN_DEPRECATED_OBJC_IMPLEMENTATIONS = YES;
				CLANG_WARN_DIRECT_OBJC_ISA_USAGE = YES_ERROR;
				CLANG_WARN_DOCUMENTATION_COMMENTS = YES;
				CLANG_WARN_EMPTY_BODY = YES;
				CLANG_WARN_ENUM_CONVERSION = YES;
				CLANG_WARN_INFINITE_RECURSION = YES;
				CLANG_WARN_INT_CONVERSION = YES;
				CLANG_WARN_NON_LITERAL_NULL_CONVERSION = YES;
				CLANG_WARN_OBJC_IMPLICIT_RETAIN_SELF = YES;
				CLANG_WARN_OBJC_LITERAL_CONVERSION = YES;
				CLANG_WARN_OBJC_ROOT_CLASS = YES_ERROR;
				CLANG_WARN_QUOTED_INCLUDE_IN_FRAMEWORK_HEADER = YES;
				CLANG_WARN_RANGE_LOOP_ANALYSIS = YES;
				CLANG_WARN_STRICT_PROTOTYPES = YES;
				CLANG_WARN_SUSPICIOUS_MOVE = YES;
				CLANG_WARN_UNGUARDED_AVAILABILITY = YES_AGGRESSIVE;
				CLANG_WARN_UNREACHABLE_CODE = YES;
				CLANG_WARN__DUPLICATE_METHOD_MATCH = YES;
				COPY_PHASE_STRIP = NO;
				DEBUG_INFORMATION_FORMAT = "dwarf-with-dsym";
				ENABLE_NS_ASSERTIONS = NO;
				ENABLE_STRICT_OBJC_MSGSEND = YES;
				GCC_C_LANGUAGE_STANDARD = gnu11;
				GCC_NO_COMMON_BLOCKS = YES;
				GCC_WARN_64_TO_32_BIT_CONVERSION = YES;
				GCC_WARN_ABOUT_RETURN_TYPE = YES_ERROR;
				GCC_WARN_UNDECLARED_SELECTOR = YES;
				GCC_WARN_UNINITIALIZED_AUTOS = YES_AGGRESSIVE;
				GCC_WARN_UNUSED_FUNCTION = YES;
				GCC_WARN_UNUSED_VARIABLE = YES;
				IPHONEOS_DEPLOYMENT_TARGET = 15.0;
				MTL_ENABLE_DEBUG_INFO = NO;
				MTL_FAST_MATH = YES;
				SDKROOT = iphoneos;
				SWIFT_COMPILATION_MODE = wholemodule;
				SWIFT_OPTIMIZATION_LEVEL = "-O";
				VALIDATE_PRODUCT = YES;
			};
			name = Release;
		};
		800AE8232700E78700DB0446 /* Debug */ = {
			isa = XCBuildConfiguration;
			buildSettings = {
				ASSETCATALOG_COMPILER_APPICON_NAME = Appicon;
				ASSETCATALOG_COMPILER_GLOBAL_ACCENT_COLOR_NAME = AccentColor;
				ASSETCATALOG_COMPILER_INCLUDE_ALL_APPICON_ASSETS = YES;
				CODE_SIGN_STYLE = Automatic;
				CURRENT_PROJECT_VERSION = 1;
				GENERATE_INFOPLIST_FILE = YES;
				INFOPLIST_FILE = "assignment-1-flix/Info.plist";
				INFOPLIST_KEY_CFBundleDisplayName = Flix;
				INFOPLIST_KEY_UIApplicationSupportsIndirectInputEvents = YES;
				INFOPLIST_KEY_UILaunchStoryboardName = LaunchScreen;
				INFOPLIST_KEY_UIMainStoryboardFile = Main;
				INFOPLIST_KEY_UISupportedInterfaceOrientations_iPad = "UIInterfaceOrientationPortrait UIInterfaceOrientationPortraitUpsideDown UIInterfaceOrientationLandscapeLeft UIInterfaceOrientationLandscapeRight";
				INFOPLIST_KEY_UISupportedInterfaceOrientations_iPhone = "UIInterfaceOrientationPortrait UIInterfaceOrientationLandscapeLeft UIInterfaceOrientationLandscapeRight";
				LD_RUNPATH_SEARCH_PATHS = (
					"$(inherited)",
					"@executable_path/Frameworks",
				);
				MARKETING_VERSION = 1.0;
				PRODUCT_BUNDLE_IDENTIFIER = "com.aramis.dev.assignment-1-flix";
				PRODUCT_NAME = "$(TARGET_NAME)";
				SWIFT_EMIT_LOC_STRINGS = YES;
				SWIFT_VERSION = 5.0;
				TARGETED_DEVICE_FAMILY = "1,2";
			};
			name = Debug;
		};
		800AE8242700E78700DB0446 /* Release */ = {
			isa = XCBuildConfiguration;
			buildSettings = {
				ASSETCATALOG_COMPILER_APPICON_NAME = Appicon;
				ASSETCATALOG_COMPILER_GLOBAL_ACCENT_COLOR_NAME = AccentColor;
				ASSETCATALOG_COMPILER_INCLUDE_ALL_APPICON_ASSETS = YES;
				CODE_SIGN_STYLE = Automatic;
				CURRENT_PROJECT_VERSION = 1;
				GENERATE_INFOPLIST_FILE = YES;
				INFOPLIST_FILE = "assignment-1-flix/Info.plist";
				INFOPLIST_KEY_CFBundleDisplayName = Flix;
				INFOPLIST_KEY_UIApplicationSupportsIndirectInputEvents = YES;
				INFOPLIST_KEY_UILaunchStoryboardName = LaunchScreen;
				INFOPLIST_KEY_UIMainStoryboardFile = Main;
				INFOPLIST_KEY_UISupportedInterfaceOrientations_iPad = "UIInterfaceOrientationPortrait UIInterfaceOrientationPortraitUpsideDown UIInterfaceOrientationLandscapeLeft UIInterfaceOrientationLandscapeRight";
				INFOPLIST_KEY_UISupportedInterfaceOrientations_iPhone = "UIInterfaceOrientationPortrait UIInterfaceOrientationLandscapeLeft UIInterfaceOrientationLandscapeRight";
				LD_RUNPATH_SEARCH_PATHS = (
					"$(inherited)",
					"@executable_path/Frameworks",
				);
				MARKETING_VERSION = 1.0;
				PRODUCT_BUNDLE_IDENTIFIER = "com.aramis.dev.assignment-1-flix";
				PRODUCT_NAME = "$(TARGET_NAME)";
				SWIFT_EMIT_LOC_STRINGS = YES;
				SWIFT_VERSION = 5.0;
				TARGETED_DEVICE_FAMILY = "1,2";
			};
			name = Release;
		};
/* End XCBuildConfiguration section */

/* Begin XCConfigurationList section */
		800AE8092700E78200DB0446 /* Build configuration list for PBXProject "assignment-1-flix" */ = {
			isa = XCConfigurationList;
			buildConfigurations = (
				800AE8202700E78700DB0446 /* Debug */,
				800AE8212700E78700DB0446 /* Release */,
			);
			defaultConfigurationIsVisible = 0;
			defaultConfigurationName = Release;
		};
		800AE8222700E78700DB0446 /* Build configuration list for PBXNativeTarget "assignment-1-flix" */ = {
			isa = XCConfigurationList;
			buildConfigurations = (
				800AE8232700E78700DB0446 /* Debug */,
				800AE8242700E78700DB0446 /* Release */,
			);
			defaultConfigurationIsVisible = 0;
			defaultConfigurationName = Release;
		};
/* End XCConfigurationList section */

/* Begin XCRemoteSwiftPackageReference section */
		800AE8272700F85800DB0446 /* XCRemoteSwiftPackageReference "AlamofireImage" */ = {
			isa = XCRemoteSwiftPackageReference;
			repositoryURL = "https://github.com/Alamofire/AlamofireImage.git";
			requirement = {
				kind = upToNextMajorVersion;
				minimumVersion = 4.0.0;
			};
		};
/* End XCRemoteSwiftPackageReference section */

/* Begin XCSwiftPackageProductDependency section */
		800AE8282700F85800DB0446 /* AlamofireImage */ = {
			isa = XCSwiftPackageProductDependency;
			package = 800AE8272700F85800DB0446 /* XCRemoteSwiftPackageReference "AlamofireImage" */;
			productName = AlamofireImage;
		};
/* End XCSwiftPackageProductDependency section */
	};
	rootObject = 800AE8062700E78200DB0446 /* Project object */;
}
